
Microsoft Visual Studio Solution File, Format Version 12.00
# Visual Studio Version 16
VisualStudioVersion = 16.0.30611.23
MinimumVisualStudioVersion = 10.0.40219.1
Project("{9A19103F-16F7-4668-BE54-9A1E7A4F7556}") = "Main", "Main\Main.csproj", "{21176562-2D28-4597-9B59-FD70DF8D8E1F}"
EndProject
Project("{9A19103F-16F7-4668-BE54-9A1E7A4F7556}") = "RecognitionModel", "RecognitionModel\RecognitionModel.csproj", "{D21CEE47-F561-4B19-BD1F-C785D142A793}"
EndProject
Project("{9A19103F-16F7-4668-BE54-9A1E7A4F7556}") = "SQL", "SQL\SQL.csproj", "{ED9C8ED0-E5B4-4105-B786-171D7BE80DA7}"
EndProject
Project("{FAE04EC0-301F-11D3-BF4B-00C04F79EFBC}") = "ImageServer", "ImageServer\ImageServer.csproj", "{3DD66FEA-C077-4A20-9BB6-EDF23059E12E}"
EndProject
Project("{FAE04EC0-301F-11D3-BF4B-00C04F79EFBC}") = "ImageContracts", "ImageContracts\ImageContracts.csproj", "{43B3DC31-AFD5-477D-A90E-3CF263B0F4BE}"
EndProject
Global
	GlobalSection(SolutionConfigurationPlatforms) = preSolution
		Debug|Any CPU = Debug|Any CPU
		Release|Any CPU = Release|Any CPU
	EndGlobalSection
	GlobalSection(ProjectConfigurationPlatforms) = postSolution
		{21176562-2D28-4597-9B59-FD70DF8D8E1F}.Debug|Any CPU.ActiveCfg = Debug|Any CPU
		{21176562-2D28-4597-9B59-FD70DF8D8E1F}.Debug|Any CPU.Build.0 = Debug|Any CPU
		{21176562-2D28-4597-9B59-FD70DF8D8E1F}.Release|Any CPU.ActiveCfg = Release|Any CPU
		{21176562-2D28-4597-9B59-FD70DF8D8E1F}.Release|Any CPU.Build.0 = Release|Any CPU
		{D21CEE47-F561-4B19-BD1F-C785D142A793}.Debug|Any CPU.ActiveCfg = Debug|Any CPU
		{D21CEE47-F561-4B19-BD1F-C785D142A793}.Debug|Any CPU.Build.0 = Debug|Any CPU
		{D21CEE47-F561-4B19-BD1F-C785D142A793}.Release|Any CPU.ActiveCfg = Release|Any CPU
		{D21CEE47-F561-4B19-BD1F-C785D142A793}.Release|Any CPU.Build.0 = Release|Any CPU
		{ED9C8ED0-E5B4-4105-B786-171D7BE80DA7}.Debug|Any CPU.ActiveCfg = Debug|Any CPU
		{ED9C8ED0-E5B4-4105-B786-171D7BE80DA7}.Debug|Any CPU.Build.0 = Debug|Any CPU
		{ED9C8ED0-E5B4-4105-B786-171D7BE80DA7}.Release|Any CPU.ActiveCfg = Release|Any CPU
		{ED9C8ED0-E5B4-4105-B786-171D7BE80DA7}.Release|Any CPU.Build.0 = Release|Any CPU
		{3DD66FEA-C077-4A20-9BB6-EDF23059E12E}.Debug|Any CPU.ActiveCfg = Debug|Any CPU
		{3DD66FEA-C077-4A20-9BB6-EDF23059E12E}.Debug|Any CPU.Build.0 = Debug|Any CPU
		{3DD66FEA-C077-4A20-9BB6-EDF23059E12E}.Release|Any CPU.ActiveCfg = Release|Any CPU
		{3DD66FEA-C077-4A20-9BB6-EDF23059E12E}.Release|Any CPU.Build.0 = Release|Any CPU
		{43B3DC31-AFD5-477D-A90E-3CF263B0F4BE}.Debug|Any CPU.ActiveCfg = Debug|Any CPU
		{43B3DC31-AFD5-477D-A90E-3CF263B0F4BE}.Debug|Any CPU.Build.0 = Debug|Any CPU
		{43B3DC31-AFD5-477D-A90E-3CF263B0F4BE}.Release|Any CPU.ActiveCfg = Release|Any CPU
		{43B3DC31-AFD5-477D-A90E-3CF263B0F4BE}.Release|Any CPU.Build.0 = Release|Any CPU
	EndGlobalSection
	GlobalSection(SolutionProperties) = preSolution
		HideSolutionNode = FALSE
	EndGlobalSection
	GlobalSection(ExtensibilityGlobals) = postSolution
		SolutionGuid = {2E4C5857-2A68-482C-8426-B139D05F96A3}
	EndGlobalSection
EndGlobal
