
Microsoft Visual Studio Solution File, Format Version 12.00
# Visual Studio Version 16
VisualStudioVersion = 16.0.30611.23
MinimumVisualStudioVersion = 10.0.40219.1
Project("{9A19103F-16F7-4668-BE54-9A1E7A4F7556}") = "View", "View\View.csproj", "{A309E3A0-C3E0-46B8-80BC-FAB393CDCB0F}"
EndProject
Project("{9A19103F-16F7-4668-BE54-9A1E7A4F7556}") = "ViewModel", "ViewModel\ViewModel.csproj", "{7A28CFE3-14AE-42DF-9178-860F2C630BB4}"
EndProject
Project("{9A19103F-16F7-4668-BE54-9A1E7A4F7556}") = "RecognitionModel", "..\Task_1\RecognitionModel\RecognitionModel.csproj", "{A04CE9BD-4BE7-46F0-8F29-A7758BBF892D}"
EndProject
Project("{FAE04EC0-301F-11D3-BF4B-00C04F79EFBC}") = "SQLtest", "SQLtest\SQLtest.csproj", "{43C212A2-FB2C-4244-B8BD-1DAAF54A2109}"
EndProject
Global
	GlobalSection(SolutionConfigurationPlatforms) = preSolution
		Debug|Any CPU = Debug|Any CPU
		Release|Any CPU = Release|Any CPU
	EndGlobalSection
	GlobalSection(ProjectConfigurationPlatforms) = postSolution
		{A309E3A0-C3E0-46B8-80BC-FAB393CDCB0F}.Debug|Any CPU.ActiveCfg = Debug|Any CPU
		{A309E3A0-C3E0-46B8-80BC-FAB393CDCB0F}.Debug|Any CPU.Build.0 = Debug|Any CPU
		{A309E3A0-C3E0-46B8-80BC-FAB393CDCB0F}.Release|Any CPU.ActiveCfg = Release|Any CPU
		{A309E3A0-C3E0-46B8-80BC-FAB393CDCB0F}.Release|Any CPU.Build.0 = Release|Any CPU
		{7A28CFE3-14AE-42DF-9178-860F2C630BB4}.Debug|Any CPU.ActiveCfg = Debug|Any CPU
		{7A28CFE3-14AE-42DF-9178-860F2C630BB4}.Debug|Any CPU.Build.0 = Debug|Any CPU
		{7A28CFE3-14AE-42DF-9178-860F2C630BB4}.Release|Any CPU.ActiveCfg = Release|Any CPU
		{7A28CFE3-14AE-42DF-9178-860F2C630BB4}.Release|Any CPU.Build.0 = Release|Any CPU
		{A04CE9BD-4BE7-46F0-8F29-A7758BBF892D}.Debug|Any CPU.ActiveCfg = Debug|Any CPU
		{A04CE9BD-4BE7-46F0-8F29-A7758BBF892D}.Debug|Any CPU.Build.0 = Debug|Any CPU
		{A04CE9BD-4BE7-46F0-8F29-A7758BBF892D}.Release|Any CPU.ActiveCfg = Release|Any CPU
		{A04CE9BD-4BE7-46F0-8F29-A7758BBF892D}.Release|Any CPU.Build.0 = Release|Any CPU
		{43C212A2-FB2C-4244-B8BD-1DAAF54A2109}.Debug|Any CPU.ActiveCfg = Debug|Any CPU
		{43C212A2-FB2C-4244-B8BD-1DAAF54A2109}.Debug|Any CPU.Build.0 = Debug|Any CPU
		{43C212A2-FB2C-4244-B8BD-1DAAF54A2109}.Release|Any CPU.ActiveCfg = Release|Any CPU
		{43C212A2-FB2C-4244-B8BD-1DAAF54A2109}.Release|Any CPU.Build.0 = Release|Any CPU
	EndGlobalSection
	GlobalSection(SolutionProperties) = preSolution
		HideSolutionNode = FALSE
	EndGlobalSection
	GlobalSection(ExtensibilityGlobals) = postSolution
		SolutionGuid = {EBFDE619-F103-45AE-BB8B-3369789B45A3}
	EndGlobalSection
EndGlobal
